
Microsoft Visual Studio Solution File, Format Version 12.00
# Visual Studio Version 16
VisualStudioVersion = 16.0.30717.126
MinimumVisualStudioVersion = 10.0.40219.1
Project("{FAE04EC0-301F-11D3-BF4B-00C04F79EFBC}") = "Requester", "Requester\Requester.csproj", "{830933A4-445E-4B32-BEBF-99EEC564CC06}"
EndProject
Global
	GlobalSection(SolutionConfigurationPlatforms) = preSolution
		Debug|Any CPU = Debug|Any CPU
		Release|Any CPU = Release|Any CPU
	EndGlobalSection
	GlobalSection(ProjectConfigurationPlatforms) = postSolution
		{830933A4-445E-4B32-BEBF-99EEC564CC06}.Debug|Any CPU.ActiveCfg = Debug|Any CPU
		{830933A4-445E-4B32-BEBF-99EEC564CC06}.Debug|Any CPU.Build.0 = Debug|Any CPU
		{830933A4-445E-4B32-BEBF-99EEC564CC06}.Release|Any CPU.ActiveCfg = Release|Any CPU
		{830933A4-445E-4B32-BEBF-99EEC564CC06}.Release|Any CPU.Build.0 = Release|Any CPU
	EndGlobalSection
	GlobalSection(SolutionProperties) = preSolution
		HideSolutionNode = FALSE
	EndGlobalSection
	GlobalSection(ExtensibilityGlobals) = postSolution
		SolutionGuid = {8A0F027D-4B15-4CAA-939E-832F51E241CF}
	EndGlobalSection
EndGlobal
